// !$*UTF8*$!
{
	archiveVersion = 1;
	classes = {
	};
	objectVersion = 77;
	objects = {

/* Begin PBXBuildFile section */
		7D24342B2F2AB4DA00634386 /* Shared in Frameworks */ = {isa = PBXBuildFile; productRef = 7D24342A2F2AB4DA00634386 /* Shared */; };
		7D4ACEBE2F37D6D40024927D /* VocabularyListFeature in Frameworks */ = {isa = PBXBuildFile; productRef = 7D4ACEBD2F37D6D40024927D /* VocabularyListFeature */; };
		7DA345042F216319009DD467 /* VocabularyDB in Frameworks */ = {isa = PBXBuildFile; productRef = 7DA345032F216319009DD467 /* VocabularyDB */; };
		7DCC47852F2802EB009C6F8D /* VocabulariesFeature in Frameworks */ = {isa = PBXBuildFile; productRef = 7DCC47842F2802EB009C6F8D /* VocabulariesFeature */; };
		7DFAAEE12F264A6700F5584C /* VocabularyCsvParser in Frameworks */ = {isa = PBXBuildFile; productRef = 7DFAAEE02F264A6700F5584C /* VocabularyCsvParser */; };
/* End PBXBuildFile section */

/* Begin PBXContainerItemProxy section */
		7D7F31AC2F2024D7007F2307 /* PBXContainerItemProxy */ = {
			isa = PBXContainerItemProxy;
			containerPortal = 7D7F31962F2024D6007F2307 /* Project object */;
			proxyType = 1;
			remoteGlobalIDString = 7D7F319D2F2024D6007F2307;
			remoteInfo = Vocabulary;
		};
		7D7F31B62F2024D7007F2307 /* PBXContainerItemProxy */ = {
			isa = PBXContainerItemProxy;
			containerPortal = 7D7F31962F2024D6007F2307 /* Project object */;
			proxyType = 1;
			remoteGlobalIDString = 7D7F319D2F2024D6007F2307;
			remoteInfo = Vocabulary;
		};
/* End PBXContainerItemProxy section */

/* Begin PBXFileReference section */
		7D7F319E2F2024D6007F2307 /* Vocabulary.app */ = {isa = PBXFileReference; explicitFileType = wrapper.application; includeInIndex = 0; path = Vocabulary.app; sourceTree = BUILT_PRODUCTS_DIR; };
		7D7F31AB2F2024D7007F2307 /* VocabularyTests.xctest */ = {isa = PBXFileReference; explicitFileType = wrapper.cfbundle; includeInIndex = 0; path = VocabularyTests.xctest; sourceTree = BUILT_PRODUCTS_DIR; };
		7D7F31B52F2024D7007F2307 /* VocabularyUITests.xctest */ = {isa = PBXFileReference; explicitFileType = wrapper.cfbundle; includeInIndex = 0; path = VocabularyUITests.xctest; sourceTree = BUILT_PRODUCTS_DIR; };
/* End PBXFileReference section */

/* Begin PBXFileSystemSynchronizedRootGroup section */
		7D7F31A02F2024D6007F2307 /* Vocabulary */ = {
			isa = PBXFileSystemSynchronizedRootGroup;
			path = Vocabulary;
			sourceTree = "<group>";
		};
		7D7F31AE2F2024D7007F2307 /* VocabularyTests */ = {
			isa = PBXFileSystemSynchronizedRootGroup;
			path = VocabularyTests;
			sourceTree = "<group>";
		};
		7D7F31B82F2024D7007F2307 /* VocabularyUITests */ = {
			isa = PBXFileSystemSynchronizedRootGroup;
			path = VocabularyUITests;
			sourceTree = "<group>";
		};
/* End PBXFileSystemSynchronizedRootGroup section */

/* Begin PBXFrameworksBuildPhase section */
		7D7F319B2F2024D6007F2307 /* Frameworks */ = {
			isa = PBXFrameworksBuildPhase;
			buildActionMask = 2147483647;
			files = (
				7DCC47852F2802EB009C6F8D /* VocabulariesFeature in Frameworks */,
				7D4ACEBE2F37D6D40024927D /* VocabularyListFeature in Frameworks */,
				7D24342B2F2AB4DA00634386 /* Shared in Frameworks */,
				7DFAAEE12F264A6700F5584C /* VocabularyCsvParser in Frameworks */,
				7DA345042F216319009DD467 /* VocabularyDB in Frameworks */,
			);
			runOnlyForDeploymentPostprocessing = 0;
		};
		7D7F31A82F2024D7007F2307 /* Frameworks */ = {
			isa = PBXFrameworksBuildPhase;
			buildActionMask = 2147483647;
			files = (
			);
			runOnlyForDeploymentPostprocessing = 0;
		};
		7D7F31B22F2024D7007F2307 /* Frameworks */ = {
			isa = PBXFrameworksBuildPhase;
			buildActionMask = 2147483647;
			files = (
			);
			runOnlyForDeploymentPostprocessing = 0;
		};
/* End PBXFrameworksBuildPhase section */

/* Begin PBXGroup section */
		7D7F31952F2024D6007F2307 = {
			isa = PBXGroup;
			children = (
				7D7F31A02F2024D6007F2307 /* Vocabulary */,
				7D7F31AE2F2024D7007F2307 /* VocabularyTests */,
				7D7F31B82F2024D7007F2307 /* VocabularyUITests */,
				7D7F319F2F2024D6007F2307 /* Products */,
			);
			sourceTree = "<group>";
		};
		7D7F319F2F2024D6007F2307 /* Products */ = {
			isa = PBXGroup;
			children = (
				7D7F319E2F2024D6007F2307 /* Vocabulary.app */,
				7D7F31AB2F2024D7007F2307 /* VocabularyTests.xctest */,
				7D7F31B52F2024D7007F2307 /* VocabularyUITests.xctest */,
			);
			name = Products;
			sourceTree = "<group>";
		};
/* End PBXGroup section */

/* Begin PBXNativeTarget section */
		7D7F319D2F2024D6007F2307 /* Vocabulary */ = {
			isa = PBXNativeTarget;
			buildConfigurationList = 7D7F31BF2F2024D7007F2307 /* Build configuration list for PBXNativeTarget "Vocabulary" */;
			buildPhases = (
				7D7F319A2F2024D6007F2307 /* Sources */,
				7D7F319B2F2024D6007F2307 /* Frameworks */,
				7D7F319C2F2024D6007F2307 /* Resources */,
			);
			buildRules = (
			);
			dependencies = (
			);
			fileSystemSynchronizedGroups = (
				7D7F31A02F2024D6007F2307 /* Vocabulary */,
			);
			name = Vocabulary;
			packageProductDependencies = (
				7DA345032F216319009DD467 /* VocabularyDB */,
				7DFAAEE02F264A6700F5584C /* VocabularyCsvParser */,
				7DCC47842F2802EB009C6F8D /* VocabulariesFeature */,
				7D24342A2F2AB4DA00634386 /* Shared */,
				7D4ACEBD2F37D6D40024927D /* VocabularyListFeature */,
			);
			productName = Vocabulary;
			productReference = 7D7F319E2F2024D6007F2307 /* Vocabulary.app */;
			productType = "com.apple.product-type.application";
		};
		7D7F31AA2F2024D7007F2307 /* VocabularyTests */ = {
			isa = PBXNativeTarget;
			buildConfigurationList = 7D7F31C22F2024D7007F2307 /* Build configuration list for PBXNativeTarget "VocabularyTests" */;
			buildPhases = (
				7D7F31A72F2024D7007F2307 /* Sources */,
				7D7F31A82F2024D7007F2307 /* Frameworks */,
				7D7F31A92F2024D7007F2307 /* Resources */,
			);
			buildRules = (
			);
			dependencies = (
				7D7F31AD2F2024D7007F2307 /* PBXTargetDependency */,
			);
			fileSystemSynchronizedGroups = (
				7D7F31AE2F2024D7007F2307 /* VocabularyTests */,
			);
			name = VocabularyTests;
			packageProductDependencies = (
			);
			productName = VocabularyTests;
			productReference = 7D7F31AB2F2024D7007F2307 /* VocabularyTests.xctest */;
			productType = "com.apple.product-type.bundle.unit-test";
		};
		7D7F31B42F2024D7007F2307 /* VocabularyUITests */ = {
			isa = PBXNativeTarget;
			buildConfigurationList = 7D7F31C52F2024D7007F2307 /* Build configuration list for PBXNativeTarget "VocabularyUITests" */;
			buildPhases = (
				7D7F31B12F2024D7007F2307 /* Sources */,
				7D7F31B22F2024D7007F2307 /* Frameworks */,
				7D7F31B32F2024D7007F2307 /* Resources */,
			);
			buildRules = (
			);
			dependencies = (
				7D7F31B72F2024D7007F2307 /* PBXTargetDependency */,
			);
			fileSystemSynchronizedGroups = (
				7D7F31B82F2024D7007F2307 /* VocabularyUITests */,
			);
			name = VocabularyUITests;
			packageProductDependencies = (
			);
			productName = VocabularyUITests;
			productReference = 7D7F31B52F2024D7007F2307 /* VocabularyUITests.xctest */;
			productType = "com.apple.product-type.bundle.ui-testing";
		};
/* End PBXNativeTarget section */

/* Begin PBXProject section */
		7D7F31962F2024D6007F2307 /* Project object */ = {
			isa = PBXProject;
			attributes = {
				BuildIndependentTargetsInParallel = 1;
				LastSwiftUpdateCheck = 2620;
				LastUpgradeCheck = 2620;
				TargetAttributes = {
					7D7F319D2F2024D6007F2307 = {
						CreatedOnToolsVersion = 26.2;
					};
					7D7F31AA2F2024D7007F2307 = {
						CreatedOnToolsVersion = 26.2;
						TestTargetID = 7D7F319D2F2024D6007F2307;
					};
					7D7F31B42F2024D7007F2307 = {
						CreatedOnToolsVersion = 26.2;
						TestTargetID = 7D7F319D2F2024D6007F2307;
					};
				};
			};
			buildConfigurationList = 7D7F31992F2024D6007F2307 /* Build configuration list for PBXProject "Vocabulary" */;
			developmentRegion = el;
			hasScannedForEncodings = 0;
			knownRegions = (
				en,
				Base,
				el,
			);
			mainGroup = 7D7F31952F2024D6007F2307;
			minimizedProjectReferenceProxies = 1;
			packageReferences = (
				7DA345022F216319009DD467 /* XCLocalSwiftPackageReference "VocabularyDB" */,
				7DFAAEDF2F264A6700F5584C /* XCLocalSwiftPackageReference "VocabularyCsvParser" */,
				7DCC47832F2802EB009C6F8D /* XCLocalSwiftPackageReference "VocabulariesFeature" */,
				7D2434292F2AB4DA00634386 /* XCLocalSwiftPackageReference "Shared" */,
				7D4ACEBC2F37D6D40024927D /* XCLocalSwiftPackageReference "VocabularyListFeature" */,
			);
			preferredProjectObjectVersion = 77;
			productRefGroup = 7D7F319F2F2024D6007F2307 /* Products */;
			projectDirPath = "";
			projectRoot = "";
			targets = (
				7D7F319D2F2024D6007F2307 /* Vocabulary */,
				7D7F31AA2F2024D7007F2307 /* VocabularyTests */,
				7D7F31B42F2024D7007F2307 /* VocabularyUITests */,
			);
		};
/* End PBXProject section */

/* Begin PBXResourcesBuildPhase section */
		7D7F319C2F2024D6007F2307 /* Resources */ = {
			isa = PBXResourcesBuildPhase;
			buildActionMask = 2147483647;
			files = (
			);
			runOnlyForDeploymentPostprocessing = 0;
		};
		7D7F31A92F2024D7007F2307 /* Resources */ = {
			isa = PBXResourcesBuildPhase;
			buildActionMask = 2147483647;
			files = (
			);
			runOnlyForDeploymentPostprocessing = 0;
		};
		7D7F31B32F2024D7007F2307 /* Resources */ = {
			isa = PBXResourcesBuildPhase;
			buildActionMask = 2147483647;
			files = (
			);
			runOnlyForDeploymentPostprocessing = 0;
		};
/* End PBXResourcesBuildPhase section */

/* Begin PBXSourcesBuildPhase section */
		7D7F319A2F2024D6007F2307 /* Sources */ = {
			isa = PBXSourcesBuildPhase;
			buildActionMask = 2147483647;
			files = (
			);
			runOnlyForDeploymentPostprocessing = 0;
		};
		7D7F31A72F2024D7007F2307 /* Sources */ = {
			isa = PBXSourcesBuildPhase;
			buildActionMask = 2147483647;
			files = (
			);
			runOnlyForDeploymentPostprocessing = 0;
		};
		7D7F31B12F2024D7007F2307 /* Sources */ = {
			isa = PBXSourcesBuildPhase;
			buildActionMask = 2147483647;
			files = (
			);
			runOnlyForDeploymentPostprocessing = 0;
		};
/* End PBXSourcesBuildPhase section */

/* Begin PBXTargetDependency section */
		7D7F31AD2F2024D7007F2307 /* PBXTargetDependency */ = {
			isa = PBXTargetDependency;
			target = 7D7F319D2F2024D6007F2307 /* Vocabulary */;
			targetProxy = 7D7F31AC2F2024D7007F2307 /* PBXContainerItemProxy */;
		};
		7D7F31B72F2024D7007F2307 /* PBXTargetDependency */ = {
			isa = PBXTargetDependency;
			target = 7D7F319D2F2024D6007F2307 /* Vocabulary */;
			targetProxy = 7D7F31B62F2024D7007F2307 /* PBXContainerItemProxy */;
		};
/* End PBXTargetDependency section */

/* Begin XCBuildConfiguration section */
		7D7F31BD2F2024D7007F2307 /* Debug */ = {
			isa = XCBuildConfiguration;
			buildSettings = {
				ALWAYS_SEARCH_USER_PATHS = NO;
				ASSETCATALOG_COMPILER_GENERATE_SWIFT_ASSET_SYMBOL_EXTENSIONS = YES;
				CLANG_ANALYZER_NONNULL = YES;
				CLANG_ANALYZER_NUMBER_OBJECT_CONVERSION = YES_AGGRESSIVE;
				CLANG_CXX_LANGUAGE_STANDARD = "gnu++20";
				CLANG_ENABLE_MODULES = YES;
				CLANG_ENABLE_OBJC_ARC = YES;
				CLANG_ENABLE_OBJC_WEAK = YES;
				CLANG_WARN_BLOCK_CAPTURE_AUTORELEASING = YES;
				CLANG_WARN_BOOL_CONVERSION = YES;
				CLANG_WARN_COMMA = YES;
				CLANG_WARN_CONSTANT_CONVERSION = YES;
				CLANG_WARN_DEPRECATED_OBJC_IMPLEMENTATIONS = YES;
				CLANG_WARN_DIRECT_OBJC_ISA_USAGE = YES_ERROR;
				CLANG_WARN_DOCUMENTATION_COMMENTS = YES;
				CLANG_WARN_EMPTY_BODY = YES;
				CLANG_WARN_ENUM_CONVERSION = YES;
				CLANG_WARN_INFINITE_RECURSION = YES;
				CLANG_WARN_INT_CONVERSION = YES;
				CLANG_WARN_NON_LITERAL_NULL_CONVERSION = YES;
				CLANG_WARN_OBJC_IMPLICIT_RETAIN_SELF = YES;
				CLANG_WARN_OBJC_LITERAL_CONVERSION = YES;
				CLANG_WARN_OBJC_ROOT_CLASS = YES_ERROR;
				CLANG_WARN_QUOTED_INCLUDE_IN_FRAMEWORK_HEADER = YES;
				CLANG_WARN_RANGE_LOOP_ANALYSIS = YES;
				CLANG_WARN_STRICT_PROTOTYPES = YES;
				CLANG_WARN_SUSPICIOUS_MOVE = YES;
				CLANG_WARN_UNGUARDED_AVAILABILITY = YES_AGGRESSIVE;
				CLANG_WARN_UNREACHABLE_CODE = YES;
				CLANG_WARN__DUPLICATE_METHOD_MATCH = YES;
				COPY_PHASE_STRIP = NO;
				DEBUG_INFORMATION_FORMAT = dwarf;
				DEVELOPMENT_TEAM = KAT4XMDFGR;
				ENABLE_STRICT_OBJC_MSGSEND = YES;
				ENABLE_TESTABILITY = YES;
				ENABLE_USER_SCRIPT_SANDBOXING = YES;
				GCC_C_LANGUAGE_STANDARD = gnu17;
				GCC_DYNAMIC_NO_PIC = NO;
				GCC_NO_COMMON_BLOCKS = YES;
				GCC_OPTIMIZATION_LEVEL = 0;
				GCC_PREPROCESSOR_DEFINITIONS = (
					"DEBUG=1",
					"$(inherited)",
				);
				GCC_WARN_64_TO_32_BIT_CONVERSION = YES;
				GCC_WARN_ABOUT_RETURN_TYPE = YES_ERROR;
				GCC_WARN_UNDECLARED_SELECTOR = YES;
				GCC_WARN_UNINITIALIZED_AUTOS = YES_AGGRESSIVE;
				GCC_WARN_UNUSED_FUNCTION = YES;
				GCC_WARN_UNUSED_VARIABLE = YES;
				LOCALIZATION_PREFERS_STRING_CATALOGS = YES;
				MTL_ENABLE_DEBUG_INFO = INCLUDE_SOURCE;
				MTL_FAST_MATH = YES;
				ONLY_ACTIVE_ARCH = YES;
				SWIFT_ACTIVE_COMPILATION_CONDITIONS = "DEBUG $(inherited)";
				SWIFT_EMIT_LOC_STRINGS = YES;
				SWIFT_OPTIMIZATION_LEVEL = "-Onone";
			};
			name = Debug;
		};
		7D7F31BE2F2024D7007F2307 /* Release */ = {
			isa = XCBuildConfiguration;
			buildSettings = {
				ALWAYS_SEARCH_USER_PATHS = NO;
				ASSETCATALOG_COMPILER_GENERATE_SWIFT_ASSET_SYMBOL_EXTENSIONS = YES;
				CLANG_ANALYZER_NONNULL = YES;
				CLANG_ANALYZER_NUMBER_OBJECT_CONVERSION = YES_AGGRESSIVE;
				CLANG_CXX_LANGUAGE_STANDARD = "gnu++20";
				CLANG_ENABLE_MODULES = YES;
				CLANG_ENABLE_OBJC_ARC = YES;
				CLANG_ENABLE_OBJC_WEAK = YES;
				CLANG_WARN_BLOCK_CAPTURE_AUTORELEASING = YES;
				CLANG_WARN_BOOL_CONVERSION = YES;
				CLANG_WARN_COMMA = YES;
				CLANG_WARN_CONSTANT_CONVERSION = YES;
				CLANG_WARN_DEPRECATED_OBJC_IMPLEMENTATIONS = YES;
				CLANG_WARN_DIRECT_OBJC_ISA_USAGE = YES_ERROR;
				CLANG_WARN_DOCUMENTATION_COMMENTS = YES;
				CLANG_WARN_EMPTY_BODY = YES;
				CLANG_WARN_ENUM_CONVERSION = YES;
				CLANG_WARN_INFINITE_RECURSION = YES;
				CLANG_WARN_INT_CONVERSION = YES;
				CLANG_WARN_NON_LITERAL_NULL_CONVERSION = YES;
				CLANG_WARN_OBJC_IMPLICIT_RETAIN_SELF = YES;
				CLANG_WARN_OBJC_LITERAL_CONVERSION = YES;
				CLANG_WARN_OBJC_ROOT_CLASS = YES_ERROR;
				CLANG_WARN_QUOTED_INCLUDE_IN_FRAMEWORK_HEADER = YES;
				CLANG_WARN_RANGE_LOOP_ANALYSIS = YES;
				CLANG_WARN_STRICT_PROTOTYPES = YES;
				CLANG_WARN_SUSPICIOUS_MOVE = YES;
				CLANG_WARN_UNGUARDED_AVAILABILITY = YES_AGGRESSIVE;
				CLANG_WARN_UNREACHABLE_CODE = YES;
				CLANG_WARN__DUPLICATE_METHOD_MATCH = YES;
				COPY_PHASE_STRIP = NO;
				DEBUG_INFORMATION_FORMAT = "dwarf-with-dsym";
				DEVELOPMENT_TEAM = KAT4XMDFGR;
				ENABLE_NS_ASSERTIONS = NO;
				ENABLE_STRICT_OBJC_MSGSEND = YES;
				ENABLE_USER_SCRIPT_SANDBOXING = YES;
				GCC_C_LANGUAGE_STANDARD = gnu17;
				GCC_NO_COMMON_BLOCKS = YES;
				GCC_WARN_64_TO_32_BIT_CONVERSION = YES;
				GCC_WARN_ABOUT_RETURN_TYPE = YES_ERROR;
				GCC_WARN_UNDECLARED_SELECTOR = YES;
				GCC_WARN_UNINITIALIZED_AUTOS = YES_AGGRESSIVE;
				GCC_WARN_UNUSED_FUNCTION = YES;
				GCC_WARN_UNUSED_VARIABLE = YES;
				LOCALIZATION_PREFERS_STRING_CATALOGS = YES;
				MTL_ENABLE_DEBUG_INFO = NO;
				MTL_FAST_MATH = YES;
				SWIFT_COMPILATION_MODE = wholemodule;
				SWIFT_EMIT_LOC_STRINGS = YES;
			};
			name = Release;
		};
		7D7F31C02F2024D7007F2307 /* Debug */ = {
			isa = XCBuildConfiguration;
			buildSettings = {
				ASSETCATALOG_COMPILER_APPICON_NAME = VocabularyIcon;
				ASSETCATALOG_COMPILER_GLOBAL_ACCENT_COLOR_NAME = AccentColor;
				CODE_SIGN_STYLE = Automatic;
				CURRENT_PROJECT_VERSION = 1;
				DEVELOPMENT_TEAM = KAT4XMDFGR;
				ENABLE_APP_SANDBOX = YES;
				ENABLE_HARDENED_RUNTIME = YES;
				ENABLE_PREVIEWS = YES;
				ENABLE_USER_SELECTED_FILES = readonly;
				GENERATE_INFOPLIST_FILE = YES;
				"INFOPLIST_KEY_UIApplicationSceneManifest_Generation[sdk=iphoneos*]" = YES;
				"INFOPLIST_KEY_UIApplicationSceneManifest_Generation[sdk=iphonesimulator*]" = YES;
				"INFOPLIST_KEY_UIApplicationSupportsIndirectInputEvents[sdk=iphoneos*]" = YES;
				"INFOPLIST_KEY_UIApplicationSupportsIndirectInputEvents[sdk=iphonesimulator*]" = YES;
				"INFOPLIST_KEY_UILaunchScreen_Generation[sdk=iphoneos*]" = YES;
				"INFOPLIST_KEY_UILaunchScreen_Generation[sdk=iphonesimulator*]" = YES;
				"INFOPLIST_KEY_UIStatusBarStyle[sdk=iphoneos*]" = UIStatusBarStyleDefault;
				"INFOPLIST_KEY_UIStatusBarStyle[sdk=iphonesimulator*]" = UIStatusBarStyleDefault;
				INFOPLIST_KEY_UISupportedInterfaceOrientations_iPad = "UIInterfaceOrientationPortrait UIInterfaceOrientationPortraitUpsideDown UIInterfaceOrientationLandscapeLeft UIInterfaceOrientationLandscapeRight";
				INFOPLIST_KEY_UISupportedInterfaceOrientations_iPhone = "UIInterfaceOrientationPortrait UIInterfaceOrientationLandscapeLeft UIInterfaceOrientationLandscapeRight";
				IPHONEOS_DEPLOYMENT_TARGET = 18.0;
				LD_RUNPATH_SEARCH_PATHS = "@executable_path/Frameworks";
				"LD_RUNPATH_SEARCH_PATHS[sdk=macosx*]" = "@executable_path/../Frameworks";
				MACOSX_DEPLOYMENT_TARGET = 26.0;
				MARKETING_VERSION = 1.0;
				PRODUCT_BUNDLE_IDENTIFIER = com.kolioulis.Vocabulary;
				PRODUCT_NAME = "$(TARGET_NAME)";
				REGISTER_APP_GROUPS = YES;
				SDKROOT = auto;
				STRING_CATALOG_GENERATE_SYMBOLS = YES;
				SUPPORTED_PLATFORMS = "iphoneos iphonesimulator";
				SUPPORTS_MACCATALYST = NO;
				SWIFT_APPROACHABLE_CONCURRENCY = YES;
				SWIFT_DEFAULT_ACTOR_ISOLATION = MainActor;
				SWIFT_EMIT_LOC_STRINGS = YES;
				SWIFT_UPCOMING_FEATURE_MEMBER_IMPORT_VISIBILITY = YES;
				SWIFT_VERSION = 6.0;
				TARGETED_DEVICE_FAMILY = "1,2";
				XROS_DEPLOYMENT_TARGET = 26.0;
			};
			name = Debug;
		};
		7D7F31C12F2024D7007F2307 /* Release */ = {
			isa = XCBuildConfiguration;
			buildSettings = {
				ASSETCATALOG_COMPILER_APPICON_NAME = VocabularyIcon;
				ASSETCATALOG_COMPILER_GLOBAL_ACCENT_COLOR_NAME = AccentColor;
				CODE_SIGN_STYLE = Automatic;
				CURRENT_PROJECT_VERSION = 1;
				DEVELOPMENT_TEAM = KAT4XMDFGR;
				ENABLE_APP_SANDBOX = YES;
				ENABLE_HARDENED_RUNTIME = YES;
				ENABLE_PREVIEWS = YES;
				ENABLE_USER_SELECTED_FILES = readonly;
				GENERATE_INFOPLIST_FILE = YES;
				"INFOPLIST_KEY_UIApplicationSceneManifest_Generation[sdk=iphoneos*]" = YES;
				"INFOPLIST_KEY_UIApplicationSceneManifest_Generation[sdk=iphonesimulator*]" = YES;
				"INFOPLIST_KEY_UIApplicationSupportsIndirectInputEvents[sdk=iphoneos*]" = YES;
				"INFOPLIST_KEY_UIApplicationSupportsIndirectInputEvents[sdk=iphonesimulator*]" = YES;
				"INFOPLIST_KEY_UILaunchScreen_Generation[sdk=iphoneos*]" = YES;
				"INFOPLIST_KEY_UILaunchScreen_Generation[sdk=iphonesimulator*]" = YES;
				"INFOPLIST_KEY_UIStatusBarStyle[sdk=iphoneos*]" = UIStatusBarStyleDefault;
				"INFOPLIST_KEY_UIStatusBarStyle[sdk=iphonesimulator*]" = UIStatusBarStyleDefault;
				INFOPLIST_KEY_UISupportedInterfaceOrientations_iPad = "UIInterfaceOrientationPortrait UIInterfaceOrientationPortraitUpsideDown UIInterfaceOrientationLandscapeLeft UIInterfaceOrientationLandscapeRight";
				INFOPLIST_KEY_UISupportedInterfaceOrientations_iPhone = "UIInterfaceOrientationPortrait UIInterfaceOrientationLandscapeLeft UIInterfaceOrientationLandscapeRight";
				IPHONEOS_DEPLOYMENT_TARGET = 18.0;
				LD_RUNPATH_SEARCH_PATHS = "@executable_path/Frameworks";
				"LD_RUNPATH_SEARCH_PATHS[sdk=macosx*]" = "@executable_path/../Frameworks";
				MACOSX_DEPLOYMENT_TARGET = 26.0;
				MARKETING_VERSION = 1.0;
				PRODUCT_BUNDLE_IDENTIFIER = com.kolioulis.Vocabulary;
				PRODUCT_NAME = "$(TARGET_NAME)";
				REGISTER_APP_GROUPS = YES;
				SDKROOT = auto;
				STRING_CATALOG_GENERATE_SYMBOLS = YES;
				SUPPORTED_PLATFORMS = "iphoneos iphonesimulator";
				SUPPORTS_MACCATALYST = NO;
				SWIFT_APPROACHABLE_CONCURRENCY = YES;
				SWIFT_DEFAULT_ACTOR_ISOLATION = MainActor;
				SWIFT_EMIT_LOC_STRINGS = YES;
				SWIFT_UPCOMING_FEATURE_MEMBER_IMPORT_VISIBILITY = YES;
				SWIFT_VERSION = 6.0;
				TARGETED_DEVICE_FAMILY = "1,2";
				XROS_DEPLOYMENT_TARGET = 26.0;
			};
			name = Release;
		};
		7D7F31C32F2024D7007F2307 /* Debug */ = {
			isa = XCBuildConfiguration;
			buildSettings = {
				BUNDLE_LOADER = "$(TEST_HOST)";
				CODE_SIGN_STYLE = Automatic;
				CURRENT_PROJECT_VERSION = 1;
				DEVELOPMENT_TEAM = KAT4XMDFGR;
				GENERATE_INFOPLIST_FILE = YES;
				IPHONEOS_DEPLOYMENT_TARGET = 26.2;
				MACOSX_DEPLOYMENT_TARGET = 26.2;
				MARKETING_VERSION = 1.0;
				PRODUCT_BUNDLE_IDENTIFIER = com.kolioulis.VocabularyTests;
				PRODUCT_NAME = "$(TARGET_NAME)";
				SDKROOT = auto;
				STRING_CATALOG_GENERATE_SYMBOLS = NO;
				SUPPORTED_PLATFORMS = "iphoneos iphonesimulator macosx xros xrsimulator";
				SWIFT_APPROACHABLE_CONCURRENCY = YES;
				SWIFT_EMIT_LOC_STRINGS = NO;
				SWIFT_UPCOMING_FEATURE_MEMBER_IMPORT_VISIBILITY = YES;
				SWIFT_VERSION = 5.0;
				TARGETED_DEVICE_FAMILY = "1,2,7";
				TEST_HOST = "$(BUILT_PRODUCTS_DIR)/Vocabulary.app/$(BUNDLE_EXECUTABLE_FOLDER_PATH)/Vocabulary";
				XROS_DEPLOYMENT_TARGET = 26.2;
			};
			name = Debug;
		};
		7D7F31C42F2024D7007F2307 /* Release */ = {
			isa = XCBuildConfiguration;
			buildSettings = {
				BUNDLE_LOADER = "$(TEST_HOST)";
				CODE_SIGN_STYLE = Automatic;
				CURRENT_PROJECT_VERSION = 1;
				DEVELOPMENT_TEAM = KAT4XMDFGR;
				GENERATE_INFOPLIST_FILE = YES;
				IPHONEOS_DEPLOYMENT_TARGET = 26.2;
				MACOSX_DEPLOYMENT_TARGET = 26.2;
				MARKETING_VERSION = 1.0;
				PRODUCT_BUNDLE_IDENTIFIER = com.kolioulis.VocabularyTests;
				PRODUCT_NAME = "$(TARGET_NAME)";
				SDKROOT = auto;
				STRING_CATALOG_GENERATE_SYMBOLS = NO;
				SUPPORTED_PLATFORMS = "iphoneos iphonesimulator macosx xros xrsimulator";
				SWIFT_APPROACHABLE_CONCURRENCY = YES;
				SWIFT_EMIT_LOC_STRINGS = NO;
				SWIFT_UPCOMING_FEATURE_MEMBER_IMPORT_VISIBILITY = YES;
				SWIFT_VERSION = 5.0;
				TARGETED_DEVICE_FAMILY = "1,2,7";
				TEST_HOST = "$(BUILT_PRODUCTS_DIR)/Vocabulary.app/$(BUNDLE_EXECUTABLE_FOLDER_PATH)/Vocabulary";
				XROS_DEPLOYMENT_TARGET = 26.2;
			};
			name = Release;
		};
		7D7F31C62F2024D7007F2307 /* Debug */ = {
			isa = XCBuildConfiguration;
			buildSettings = {
				CODE_SIGN_STYLE = Automatic;
				CURRENT_PROJECT_VERSION = 1;
				DEVELOPMENT_TEAM = KAT4XMDFGR;
				GENERATE_INFOPLIST_FILE = YES;
				IPHONEOS_DEPLOYMENT_TARGET = 26.2;
				MACOSX_DEPLOYMENT_TARGET = 26.2;
				MARKETING_VERSION = 1.0;
				PRODUCT_BUNDLE_IDENTIFIER = com.kolioulis.VocabularyUITests;
				PRODUCT_NAME = "$(TARGET_NAME)";
				SDKROOT = auto;
				STRING_CATALOG_GENERATE_SYMBOLS = NO;
				SUPPORTED_PLATFORMS = "iphoneos iphonesimulator macosx xros xrsimulator";
				SWIFT_APPROACHABLE_CONCURRENCY = YES;
				SWIFT_EMIT_LOC_STRINGS = NO;
				SWIFT_UPCOMING_FEATURE_MEMBER_IMPORT_VISIBILITY = YES;
				SWIFT_VERSION = 5.0;
				TARGETED_DEVICE_FAMILY = "1,2,7";
				TEST_TARGET_NAME = Vocabulary;
				XROS_DEPLOYMENT_TARGET = 26.2;
			};
			name = Debug;
		};
		7D7F31C72F2024D7007F2307 /* Release */ = {
			isa = XCBuildConfiguration;
			buildSettings = {
				CODE_SIGN_STYLE = Automatic;
				CURRENT_PROJECT_VERSION = 1;
				DEVELOPMENT_TEAM = KAT4XMDFGR;
				GENERATE_INFOPLIST_FILE = YES;
				IPHONEOS_DEPLOYMENT_TARGET = 26.2;
				MACOSX_DEPLOYMENT_TARGET = 26.2;
				MARKETING_VERSION = 1.0;
				PRODUCT_BUNDLE_IDENTIFIER = com.kolioulis.VocabularyUITests;
				PRODUCT_NAME = "$(TARGET_NAME)";
				SDKROOT = auto;
				STRING_CATALOG_GENERATE_SYMBOLS = NO;
				SUPPORTED_PLATFORMS = "iphoneos iphonesimulator macosx xros xrsimulator";
				SWIFT_APPROACHABLE_CONCURRENCY = YES;
				SWIFT_EMIT_LOC_STRINGS = NO;
				SWIFT_UPCOMING_FEATURE_MEMBER_IMPORT_VISIBILITY = YES;
				SWIFT_VERSION = 5.0;
				TARGETED_DEVICE_FAMILY = "1,2,7";
				TEST_TARGET_NAME = Vocabulary;
				XROS_DEPLOYMENT_TARGET = 26.2;
			};
			name = Release;
		};
/* End XCBuildConfiguration section */

/* Begin XCConfigurationList section */
		7D7F31992F2024D6007F2307 /* Build configuration list for PBXProject "Vocabulary" */ = {
			isa = XCConfigurationList;
			buildConfigurations = (
				7D7F31BD2F2024D7007F2307 /* Debug */,
				7D7F31BE2F2024D7007F2307 /* Release */,
			);
			defaultConfigurationIsVisible = 0;
			defaultConfigurationName = Release;
		};
		7D7F31BF2F2024D7007F2307 /* Build configuration list for PBXNativeTarget "Vocabulary" */ = {
			isa = XCConfigurationList;
			buildConfigurations = (
				7D7F31C02F2024D7007F2307 /* Debug */,
				7D7F31C12F2024D7007F2307 /* Release */,
			);
			defaultConfigurationIsVisible = 0;
			defaultConfigurationName = Release;
		};
		7D7F31C22F2024D7007F2307 /* Build configuration list for PBXNativeTarget "VocabularyTests" */ = {
			isa = XCConfigurationList;
			buildConfigurations = (
				7D7F31C32F2024D7007F2307 /* Debug */,
				7D7F31C42F2024D7007F2307 /* Release */,
			);
			defaultConfigurationIsVisible = 0;
			defaultConfigurationName = Release;
		};
		7D7F31C52F2024D7007F2307 /* Build configuration list for PBXNativeTarget "VocabularyUITests" */ = {
			isa = XCConfigurationList;
			buildConfigurations = (
				7D7F31C62F2024D7007F2307 /* Debug */,
				7D7F31C72F2024D7007F2307 /* Release */,
			);
			defaultConfigurationIsVisible = 0;
			defaultConfigurationName = Release;
		};
/* End XCConfigurationList section */

/* Begin XCLocalSwiftPackageReference section */
		7D2434292F2AB4DA00634386 /* XCLocalSwiftPackageReference "Shared" */ = {
			isa = XCLocalSwiftPackageReference;
			relativePath = Shared;
		};
		7D4ACEBC2F37D6D40024927D /* XCLocalSwiftPackageReference "VocabularyListFeature" */ = {
			isa = XCLocalSwiftPackageReference;
			relativePath = VocabularyListFeature;
		};
		7DA345022F216319009DD467 /* XCLocalSwiftPackageReference "VocabularyDB" */ = {
			isa = XCLocalSwiftPackageReference;
			relativePath = VocabularyDB;
		};
		7DCC47832F2802EB009C6F8D /* XCLocalSwiftPackageReference "VocabulariesFeature" */ = {
			isa = XCLocalSwiftPackageReference;
			relativePath = VocabulariesFeature;
		};
		7DFAAEDF2F264A6700F5584C /* XCLocalSwiftPackageReference "VocabularyCsvParser" */ = {
			isa = XCLocalSwiftPackageReference;
			relativePath = VocabularyCsvParser;
		};
/* End XCLocalSwiftPackageReference section */

/* Begin XCSwiftPackageProductDependency section */
		7D24342A2F2AB4DA00634386 /* Shared */ = {
			isa = XCSwiftPackageProductDependency;
			productName = Shared;
		};
		7D4ACEBD2F37D6D40024927D /* VocabularyListFeature */ = {
			isa = XCSwiftPackageProductDependency;
			productName = VocabularyListFeature;
		};
		7DA345032F216319009DD467 /* VocabularyDB */ = {
			isa = XCSwiftPackageProductDependency;
			productName = VocabularyDB;
		};
		7DCC47842F2802EB009C6F8D /* VocabulariesFeature */ = {
			isa = XCSwiftPackageProductDependency;
			productName = VocabulariesFeature;
		};
		7DFAAEE02F264A6700F5584C /* VocabularyCsvParser */ = {
			isa = XCSwiftPackageProductDependency;
			productName = VocabularyCsvParser;
		};
/* End XCSwiftPackageProductDependency section */
	};
	rootObject = 7D7F31962F2024D6007F2307 /* Project object */;
}
